{
  "originHash" : "92046cd5b2f2281033576764770b7a11ca088b9ebaf1f5b30fe730e9dc26f50e",
  "pins" : [
    {
      "identity" : "purchases-ios",
      "kind" : "remoteSourceControl",
      "location" : "https://github.com/RevenueCat/purchases-ios.git",
      "state" : {
        "revision" : "4faa17c4a290954fbdbf8f8a6bf0f58e48a8256c",
        "version" : "5.90.2"
      }
    }
  ],
  "version" : 3
}
